
Microsoft Visual Studio Solution File, Format Version 12.00
# Visual Studio Version 17
VisualStudioVersion = 17.2.32616.157
MinimumVisualStudioVersion = 10.0.40219.1
Project("{9A19103F-16F7-4668-BE54-9A1E7A4F7556}") = "AnotacionesClase01", "Ejercicio01\AnotacionesClase01.csproj", "{D859C046-D106-4E48-8C94-9F90E9E3F4E4}"
EndProject
Project("{9A19103F-16F7-4668-BE54-9A1E7A4F7556}") = "Clase01-Ejercicio01", "Ejercicio01-01\Clase01-Ejercicio01.csproj", "{1812CEA8-B1A7-4813-B6D2-3BE8A67E04AB}"
EndProject
Project("{9A19103F-16F7-4668-BE54-9A1E7A4F7556}") = "Clase01-Ejercicio02", "Ejercicio102\Clase01-Ejercicio02.csproj", "{25ABB140-6911-46E6-80FD-D0124C5D3EEF}"
EndProject
Project("{2150E333-8FDC-42A3-9474-1A3956D46DE8}") = "Clase01", "Clase01", "{E9E2FDEB-4659-49AA-8A74-120415CACEA1}"
EndProject
Project("{9A19103F-16F7-4668-BE54-9A1E7A4F7556}") = "Clase01-Ejercicio03", "Clase01-Ejercicio03\Clase01-Ejercicio03.csproj", "{9954FABF-5BC9-4691-BA45-E341943EFA10}"
EndProject
Project("{9A19103F-16F7-4668-BE54-9A1E7A4F7556}") = "Clase01-Ejercicio04", "Clase01-Ejercicio-04\Clase01-Ejercicio04.csproj", "{5CC6FA4E-932A-413A-B348-8A5568DE6466}"
EndProject
Project("{9A19103F-16F7-4668-BE54-9A1E7A4F7556}") = "Clase01-Ejercicio05", "Clase01-Ejercicio05\Clase01-Ejercicio05.csproj", "{99172B1A-BC25-46F2-8343-A15416F5540B}"
EndProject
Project("{9A19103F-16F7-4668-BE54-9A1E7A4F7556}") = "AnotacionesClase02", "AnotacionesClase02\AnotacionesClase02.csproj", "{D737E52C-AAD1-4D73-9D6C-FB9B07A4C003}"
EndProject
Project("{9A19103F-16F7-4668-BE54-9A1E7A4F7556}") = "Clase02-Ejercicio01", "Clase02-Ejercicio01\Clase02-Ejercicio01.csproj", "{5DE4DD91-1A6B-474B-BC3E-44B1DC5D60E0}"
EndProject
Project("{9A19103F-16F7-4668-BE54-9A1E7A4F7556}") = "Clase02-Ejercicio02", "Clase02-Ejercicio02\Clase02-Ejercicio02.csproj", "{91FCABC8-6AD1-488A-B35D-6AB05EE7C719}"
EndProject
Project("{9A19103F-16F7-4668-BE54-9A1E7A4F7556}") = "Clase02-EjercicioSello", "Clase02-EjercicioSello\Clase02-EjercicioSello.csproj", "{CAD9F094-2919-4A48-A42D-1C12EF7BEE0C}"
EndProject
Project("{2150E333-8FDC-42A3-9474-1A3956D46DE8}") = "Clase02", "Clase02", "{AEB6BD63-8920-4FD6-B190-D5415E4F2EBB}"
EndProject
Project("{9A19103F-16F7-4668-BE54-9A1E7A4F7556}") = "Clase02-Ejercicio03", "Clase02-Ejercicio03\Clase02-Ejercicio03.csproj", "{EB5944D0-9C14-49AB-931C-30A3110DE62A}"
EndProject
Project("{FAE04EC0-301F-11D3-BF4B-00C04F79EFBC}") = "AnotacionesCase03", "AnotacionesCase03\AnotacionesCase03.csproj", "{D7B05E27-628C-427A-9B57-A6E44FA50700}"
EndProject
Project("{2150E333-8FDC-42A3-9474-1A3956D46DE8}") = "Clase03", "Clase03", "{AAF69F85-A0CB-4B49-A2FC-418E14523C98}"
EndProject
Project("{FAE04EC0-301F-11D3-BF4B-00C04F79EFBC}") = "AnotacionDeEjeSelloClase", "AnotacionDeEjeSelloClase\AnotacionDeEjeSelloClase.csproj", "{C75E2299-9F0F-4156-B507-27875F7D2336}"
EndProject
Project("{FAE04EC0-301F-11D3-BF4B-00C04F79EFBC}") = "Entidades", "Entidades\Entidades.csproj", "{C7BCA304-94FD-4EFF-805F-8FBD57767A9E}"
EndProject
Project("{9A19103F-16F7-4668-BE54-9A1E7A4F7556}") = "Clase03-Ejercicio01", "Clase03-Ejercicio01\Clase03-Ejercicio01.csproj", "{BB3E242F-E89C-4DDB-9186-4A1EC0D6D0C3}"
EndProject
Global
	GlobalSection(SolutionConfigurationPlatforms) = preSolution
		Debug|Any CPU = Debug|Any CPU
		Release|Any CPU = Release|Any CPU
	EndGlobalSection
	GlobalSection(ProjectConfigurationPlatforms) = postSolution
		{D859C046-D106-4E48-8C94-9F90E9E3F4E4}.Debug|Any CPU.ActiveCfg = Debug|Any CPU
		{D859C046-D106-4E48-8C94-9F90E9E3F4E4}.Debug|Any CPU.Build.0 = Debug|Any CPU
		{D859C046-D106-4E48-8C94-9F90E9E3F4E4}.Release|Any CPU.ActiveCfg = Release|Any CPU
		{D859C046-D106-4E48-8C94-9F90E9E3F4E4}.Release|Any CPU.Build.0 = Release|Any CPU
		{1812CEA8-B1A7-4813-B6D2-3BE8A67E04AB}.Debug|Any CPU.ActiveCfg = Debug|Any CPU
		{1812CEA8-B1A7-4813-B6D2-3BE8A67E04AB}.Debug|Any CPU.Build.0 = Debug|Any CPU
		{1812CEA8-B1A7-4813-B6D2-3BE8A67E04AB}.Release|Any CPU.ActiveCfg = Release|Any CPU
		{1812CEA8-B1A7-4813-B6D2-3BE8A67E04AB}.Release|Any CPU.Build.0 = Release|Any CPU
		{25ABB140-6911-46E6-80FD-D0124C5D3EEF}.Debug|Any CPU.ActiveCfg = Debug|Any CPU
		{25ABB140-6911-46E6-80FD-D0124C5D3EEF}.Debug|Any CPU.Build.0 = Debug|Any CPU
		{25ABB140-6911-46E6-80FD-D0124C5D3EEF}.Release|Any CPU.ActiveCfg = Release|Any CPU
		{25ABB140-6911-46E6-80FD-D0124C5D3EEF}.Release|Any CPU.Build.0 = Release|Any CPU
		{9954FABF-5BC9-4691-BA45-E341943EFA10}.Debug|Any CPU.ActiveCfg = Debug|Any CPU
		{9954FABF-5BC9-4691-BA45-E341943EFA10}.Debug|Any CPU.Build.0 = Debug|Any CPU
		{9954FABF-5BC9-4691-BA45-E341943EFA10}.Release|Any CPU.ActiveCfg = Release|Any CPU
		{9954FABF-5BC9-4691-BA45-E341943EFA10}.Release|Any CPU.Build.0 = Release|Any CPU
		{5CC6FA4E-932A-413A-B348-8A5568DE6466}.Debug|Any CPU.ActiveCfg = Debug|Any CPU
		{5CC6FA4E-932A-413A-B348-8A5568DE6466}.Debug|Any CPU.Build.0 = Debug|Any CPU
		{5CC6FA4E-932A-413A-B348-8A5568DE6466}.Release|Any CPU.ActiveCfg = Release|Any CPU
		{5CC6FA4E-932A-413A-B348-8A5568DE6466}.Release|Any CPU.Build.0 = Release|Any CPU
		{99172B1A-BC25-46F2-8343-A15416F5540B}.Debug|Any CPU.ActiveCfg = Debug|Any CPU
		{99172B1A-BC25-46F2-8343-A15416F5540B}.Debug|Any CPU.Build.0 = Debug|Any CPU
		{99172B1A-BC25-46F2-8343-A15416F5540B}.Release|Any CPU.ActiveCfg = Release|Any CPU
		{99172B1A-BC25-46F2-8343-A15416F5540B}.Release|Any CPU.Build.0 = Release|Any CPU
		{D737E52C-AAD1-4D73-9D6C-FB9B07A4C003}.Debug|Any CPU.ActiveCfg = Debug|Any CPU
		{D737E52C-AAD1-4D73-9D6C-FB9B07A4C003}.Debug|Any CPU.Build.0 = Debug|Any CPU
		{D737E52C-AAD1-4D73-9D6C-FB9B07A4C003}.Release|Any CPU.ActiveCfg = Release|Any CPU
		{D737E52C-AAD1-4D73-9D6C-FB9B07A4C003}.Release|Any CPU.Build.0 = Release|Any CPU
		{5DE4DD91-1A6B-474B-BC3E-44B1DC5D60E0}.Debug|Any CPU.ActiveCfg = Debug|Any CPU
		{5DE4DD91-1A6B-474B-BC3E-44B1DC5D60E0}.Debug|Any CPU.Build.0 = Debug|Any CPU
		{5DE4DD91-1A6B-474B-BC3E-44B1DC5D60E0}.Release|Any CPU.ActiveCfg = Release|Any CPU
		{5DE4DD91-1A6B-474B-BC3E-44B1DC5D60E0}.Release|Any CPU.Build.0 = Release|Any CPU
		{91FCABC8-6AD1-488A-B35D-6AB05EE7C719}.Debug|Any CPU.ActiveCfg = Debug|Any CPU
		{91FCABC8-6AD1-488A-B35D-6AB05EE7C719}.Debug|Any CPU.Build.0 = Debug|Any CPU
		{91FCABC8-6AD1-488A-B35D-6AB05EE7C719}.Release|Any CPU.ActiveCfg = Release|Any CPU
		{91FCABC8-6AD1-488A-B35D-6AB05EE7C719}.Release|Any CPU.Build.0 = Release|Any CPU
		{CAD9F094-2919-4A48-A42D-1C12EF7BEE0C}.Debug|Any CPU.ActiveCfg = Debug|Any CPU
		{CAD9F094-2919-4A48-A42D-1C12EF7BEE0C}.Debug|Any CPU.Build.0 = Debug|Any CPU
		{CAD9F094-2919-4A48-A42D-1C12EF7BEE0C}.Release|Any CPU.ActiveCfg = Release|Any CPU
		{CAD9F094-2919-4A48-A42D-1C12EF7BEE0C}.Release|Any CPU.Build.0 = Release|Any CPU
		{EB5944D0-9C14-49AB-931C-30A3110DE62A}.Debug|Any CPU.ActiveCfg = Debug|Any CPU
		{EB5944D0-9C14-49AB-931C-30A3110DE62A}.Debug|Any CPU.Build.0 = Debug|Any CPU
		{EB5944D0-9C14-49AB-931C-30A3110DE62A}.Release|Any CPU.ActiveCfg = Release|Any CPU
		{EB5944D0-9C14-49AB-931C-30A3110DE62A}.Release|Any CPU.Build.0 = Release|Any CPU
		{D7B05E27-628C-427A-9B57-A6E44FA50700}.Debug|Any CPU.ActiveCfg = Debug|Any CPU
		{D7B05E27-628C-427A-9B57-A6E44FA50700}.Debug|Any CPU.Build.0 = Debug|Any CPU
		{D7B05E27-628C-427A-9B57-A6E44FA50700}.Release|Any CPU.ActiveCfg = Release|Any CPU
		{D7B05E27-628C-427A-9B57-A6E44FA50700}.Release|Any CPU.Build.0 = Release|Any CPU
		{C75E2299-9F0F-4156-B507-27875F7D2336}.Debug|Any CPU.ActiveCfg = Debug|Any CPU
		{C75E2299-9F0F-4156-B507-27875F7D2336}.Debug|Any CPU.Build.0 = Debug|Any CPU
		{C75E2299-9F0F-4156-B507-27875F7D2336}.Release|Any CPU.ActiveCfg = Release|Any CPU
		{C75E2299-9F0F-4156-B507-27875F7D2336}.Release|Any CPU.Build.0 = Release|Any CPU
		{C7BCA304-94FD-4EFF-805F-8FBD57767A9E}.Debug|Any CPU.ActiveCfg = Debug|Any CPU
		{C7BCA304-94FD-4EFF-805F-8FBD57767A9E}.Debug|Any CPU.Build.0 = Debug|Any CPU
		{C7BCA304-94FD-4EFF-805F-8FBD57767A9E}.Release|Any CPU.ActiveCfg = Release|Any CPU
		{C7BCA304-94FD-4EFF-805F-8FBD57767A9E}.Release|Any CPU.Build.0 = Release|Any CPU
		{BB3E242F-E89C-4DDB-9186-4A1EC0D6D0C3}.Debug|Any CPU.ActiveCfg = Debug|Any CPU
		{BB3E242F-E89C-4DDB-9186-4A1EC0D6D0C3}.Debug|Any CPU.Build.0 = Debug|Any CPU
		{BB3E242F-E89C-4DDB-9186-4A1EC0D6D0C3}.Release|Any CPU.ActiveCfg = Release|Any CPU
		{BB3E242F-E89C-4DDB-9186-4A1EC0D6D0C3}.Release|Any CPU.Build.0 = Release|Any CPU
	EndGlobalSection
	GlobalSection(SolutionProperties) = preSolution
		HideSolutionNode = FALSE
	EndGlobalSection
	GlobalSection(NestedProjects) = preSolution
		{D859C046-D106-4E48-8C94-9F90E9E3F4E4} = {E9E2FDEB-4659-49AA-8A74-120415CACEA1}
		{1812CEA8-B1A7-4813-B6D2-3BE8A67E04AB} = {E9E2FDEB-4659-49AA-8A74-120415CACEA1}
		{25ABB140-6911-46E6-80FD-D0124C5D3EEF} = {E9E2FDEB-4659-49AA-8A74-120415CACEA1}
		{9954FABF-5BC9-4691-BA45-E341943EFA10} = {E9E2FDEB-4659-49AA-8A74-120415CACEA1}
		{5CC6FA4E-932A-413A-B348-8A5568DE6466} = {E9E2FDEB-4659-49AA-8A74-120415CACEA1}
		{99172B1A-BC25-46F2-8343-A15416F5540B} = {E9E2FDEB-4659-49AA-8A74-120415CACEA1}
		{D737E52C-AAD1-4D73-9D6C-FB9B07A4C003} = {AEB6BD63-8920-4FD6-B190-D5415E4F2EBB}
		{5DE4DD91-1A6B-474B-BC3E-44B1DC5D60E0} = {AEB6BD63-8920-4FD6-B190-D5415E4F2EBB}
		{91FCABC8-6AD1-488A-B35D-6AB05EE7C719} = {AEB6BD63-8920-4FD6-B190-D5415E4F2EBB}
		{CAD9F094-2919-4A48-A42D-1C12EF7BEE0C} = {AEB6BD63-8920-4FD6-B190-D5415E4F2EBB}
		{EB5944D0-9C14-49AB-931C-30A3110DE62A} = {AEB6BD63-8920-4FD6-B190-D5415E4F2EBB}
		{D7B05E27-628C-427A-9B57-A6E44FA50700} = {AAF69F85-A0CB-4B49-A2FC-418E14523C98}
		{C75E2299-9F0F-4156-B507-27875F7D2336} = {AEB6BD63-8920-4FD6-B190-D5415E4F2EBB}
	EndGlobalSection
	GlobalSection(ExtensibilityGlobals) = postSolution
		SolutionGuid = {D3E8CB71-9411-485C-A387-073EC1A32DB4}
	EndGlobalSection
EndGlobal
